
Microsoft Visual Studio Solution File, Format Version 12.00
# Visual Studio Version 17
VisualStudioVersion = 17.1.32421.90
MinimumVisualStudioVersion = 10.0.40219.1
Project("{FAE04EC0-301F-11D3-BF4B-00C04F79EFBC}") = "EmployeePayRollThreading", "EmployeePayRollThreading.csproj", "{2C80C73F-EC6D-4BF3-937C-29CADBFA5216}"
EndProject
Project("{FAE04EC0-301F-11D3-BF4B-00C04F79EFBC}") = "TestProject3", "..\TestProject3\TestProject3.csproj", "{D3DD64DE-DE70-4804-A3FF-ED0FB29C7AFC}"
EndProject
Global
	GlobalSection(SolutionConfigurationPlatforms) = preSolution
		Debug|Any CPU = Debug|Any CPU
		Release|Any CPU = Release|Any CPU
	EndGlobalSection
	GlobalSection(ProjectConfigurationPlatforms) = postSolution
		{2C80C73F-EC6D-4BF3-937C-29CADBFA5216}.Debug|Any CPU.ActiveCfg = Debug|Any CPU
		{2C80C73F-EC6D-4BF3-937C-29CADBFA5216}.Debug|Any CPU.Build.0 = Debug|Any CPU
		{2C80C73F-EC6D-4BF3-937C-29CADBFA5216}.Release|Any CPU.ActiveCfg = Release|Any CPU
		{2C80C73F-EC6D-4BF3-937C-29CADBFA5216}.Release|Any CPU.Build.0 = Release|Any CPU
		{D3DD64DE-DE70-4804-A3FF-ED0FB29C7AFC}.Debug|Any CPU.ActiveCfg = Debug|Any CPU
		{D3DD64DE-DE70-4804-A3FF-ED0FB29C7AFC}.Debug|Any CPU.Build.0 = Debug|Any CPU
		{D3DD64DE-DE70-4804-A3FF-ED0FB29C7AFC}.Release|Any CPU.ActiveCfg = Release|Any CPU
		{D3DD64DE-DE70-4804-A3FF-ED0FB29C7AFC}.Release|Any CPU.Build.0 = Release|Any CPU
	EndGlobalSection
	GlobalSection(SolutionProperties) = preSolution
		HideSolutionNode = FALSE
	EndGlobalSection
	GlobalSection(ExtensibilityGlobals) = postSolution
		SolutionGuid = {DF348E57-D26F-4436-92E2-80AEA6738DDA}
	EndGlobalSection
EndGlobal
